
Microsoft Visual Studio Solution File, Format Version 11.00
# Visual Studio 2010
Project("{FAE04EC0-301F-11D3-BF4B-00C04F79EFBC}") = "ExcelResaver", "ExcelResaver\ExcelResaver.csproj", "{21ED075A-71F4-4257-88EF-903D5FA8C57E}"
EndProject
Global
	GlobalSection(SolutionConfigurationPlatforms) = preSolution
		Debug|x86 = Debug|x86
		Release|x86 = Release|x86
	EndGlobalSection
	GlobalSection(ProjectConfigurationPlatforms) = postSolution
		{21ED075A-71F4-4257-88EF-903D5FA8C57E}.Debug|x86.ActiveCfg = Debug|x86
		{21ED075A-71F4-4257-88EF-903D5FA8C57E}.Debug|x86.Build.0 = Debug|x86
		{21ED075A-71F4-4257-88EF-903D5FA8C57E}.Release|x86.ActiveCfg = Release|x86
		{21ED075A-71F4-4257-88EF-903D5FA8C57E}.Release|x86.Build.0 = Release|x86
	EndGlobalSection
	GlobalSection(SolutionProperties) = preSolution
		HideSolutionNode = FALSE
	EndGlobalSection
EndGlobal
